Microsoft Visual Studio Solution File, Format Version 11.00
# Visual Studio 2010
Project("{8BC9CEB8-8B4A-11D0-8D11-00A0C91BC942}") = "same", "same\same.vcxproj", "{4DDC349A-3799-4039-8EC6-3E61618FE755}"
EndProject
Project("{8BC9CEB8-8B4A-11D0-8D11-00A0C91BC942}") = "sameTest", "sameTest\sameTest.vcxproj", "{5018F4B8-9A01-4122-9273-20C94CFFC8FD}"
EndProject
Global
	GlobalSection(SolutionConfigurationPlatforms) = preSolution
		Debug|Win32 = Debug|Win32
		Release|Win32 = Release|Win32
	EndGlobalSection
	GlobalSection(ProjectConfigurationPlatforms) = postSolution
		{4DDC349A-3799-4039-8EC6-3E61618FE755}.Debug|Win32.ActiveCfg = Debug|Win32
		{4DDC349A-3799-4039-8EC6-3E61618FE755}.Debug|Win32.Build.0 = Debug|Win32
		{4DDC349A-3799-4039-8EC6-3E61618FE755}.Release|Win32.ActiveCfg = Release|Win32
		{4DDC349A-3799-4039-8EC6-3E61618FE755}.Release|Win32.Build.0 = Release|Win32
		{5018F4B8-9A01-4122-9273-20C94CFFC8FD}.Debug|Win32.ActiveCfg = Debug|Win32
		{5018F4B8-9A01-4122-9273-20C94CFFC8FD}.Debug|Win32.Build.0 = Debug|Win32
		{5018F4B8-9A01-4122-9273-20C94CFFC8FD}.Release|Win32.ActiveCfg = Release|Win32
		{5018F4B8-9A01-4122-9273-20C94CFFC8FD}.Release|Win32.Build.0 = Release|Win32
	EndGlobalSection
	GlobalSection(SolutionProperties) = preSolution
		HideSolutionNode = FALSE
	EndGlobalSection
EndGlobal
